
Microsoft Visual Studio Solution File, Format Version 12.00
# Visual Studio 14
VisualStudioVersion = 14.0.25420.1
MinimumVisualStudioVersion = 10.0.40219.1
Project("{FAE04EC0-301F-11D3-BF4B-00C04F79EFBC}") = "FamilyApp", "FamilyApp\FamilyApp\FamilyApp.csproj", "{6377E00E-BC63-476A-AA3E-1518AC116763}"
EndProject
Project("{FAE04EC0-301F-11D3-BF4B-00C04F79EFBC}") = "FamilyApp.Droid", "FamilyApp\FamilyApp.Droid\FamilyApp.Droid.csproj", "{711F2772-C503-4151-96F3-BF4E5EAE5EE3}"
EndProject
Project("{FAE04EC0-301F-11D3-BF4B-00C04F79EFBC}") = "FamilyApp.iOS", "FamilyApp\FamilyApp.iOS\FamilyApp.iOS.csproj", "{3F1374B4-14B7-4AE7-AF0C-76593ECE9613}"
EndProject
Project("{FAE04EC0-301F-11D3-BF4B-00C04F79EFBC}") = "FamilyApp.WinPhone", "FamilyApp\FamilyApp.WinPhone\FamilyApp.WinPhone.csproj", "{67FA6440-C61E-41C3-8704-6141080710CB}"
EndProject
Project("{FAE04EC0-301F-11D3-BF4B-00C04F79EFBC}") = "FamilyApp.Windows", "FamilyApp\FamilyApp.Windows\FamilyApp.Windows.csproj", "{C21730A6-DE8A-4D1E-A4FC-9DD744173483}"
EndProject
Global
	GlobalSection(SolutionConfigurationPlatforms) = preSolution
		Ad-Hoc|Any CPU = Ad-Hoc|Any CPU
		Ad-Hoc|ARM = Ad-Hoc|ARM
		Ad-Hoc|iPhone = Ad-Hoc|iPhone
		Ad-Hoc|iPhoneSimulator = Ad-Hoc|iPhoneSimulator
		Ad-Hoc|x64 = Ad-Hoc|x64
		Ad-Hoc|x86 = Ad-Hoc|x86
		AppStore|Any CPU = AppStore|Any CPU
		AppStore|ARM = AppStore|ARM
		AppStore|iPhone = AppStore|iPhone
		AppStore|iPhoneSimulator = AppStore|iPhoneSimulator
		AppStore|x64 = AppStore|x64
		AppStore|x86 = AppStore|x86
		Debug|Any CPU = Debug|Any CPU
		Debug|ARM = Debug|ARM
		Debug|iPhone = Debug|iPhone
		Debug|iPhoneSimulator = Debug|iPhoneSimulator
		Debug|x64 = Debug|x64
		Debug|x86 = Debug|x86
		Release|Any CPU = Release|Any CPU
		Release|ARM = Release|ARM
		Release|iPhone = Release|iPhone
		Release|iPhoneSimulator = Release|iPhoneSimulator
		Release|x64 = Release|x64
		Release|x86 = Release|x86
	EndGlobalSection
	GlobalSection(ProjectConfigurationPlatforms) = postSolution
		{6377E00E-BC63-476A-AA3E-1518AC116763}.Ad-Hoc|Any CPU.ActiveCfg = Release|Any CPU
		{6377E00E-BC63-476A-AA3E-1518AC116763}.Ad-Hoc|Any CPU.Build.0 = Release|Any CPU
		{6377E00E-BC63-476A-AA3E-1518AC116763}.Ad-Hoc|ARM.ActiveCfg = Release|Any CPU
		{6377E00E-BC63-476A-AA3E-1518AC116763}.Ad-Hoc|ARM.Build.0 = Release|Any CPU
		{6377E00E-BC63-476A-AA3E-1518AC116763}.Ad-Hoc|iPhone.ActiveCfg = Release|Any CPU
		{6377E00E-BC63-476A-AA3E-1518AC116763}.Ad-Hoc|iPhone.Build.0 = Release|Any CPU
		{6377E00E-BC63-476A-AA3E-1518AC116763}.Ad-Hoc|iPhoneSimulator.ActiveCfg = Release|Any CPU
		{6377E00E-BC63-476A-AA3E-1518AC116763}.Ad-Hoc|iPhoneSimulator.Build.0 = Release|Any CPU
		{6377E00E-BC63-476A-AA3E-1518AC116763}.Ad-Hoc|x64.ActiveCfg = Release|Any CPU
		{6377E00E-BC63-476A-AA3E-1518AC116763}.Ad-Hoc|x64.Build.0 = Release|Any CPU
		{6377E00E-BC63-476A-AA3E-1518AC116763}.Ad-Hoc|x86.ActiveCfg = Release|Any CPU
		{6377E00E-BC63-476A-AA3E-1518AC116763}.Ad-Hoc|x86.Build.0 = Release|Any CPU
		{6377E00E-BC63-476A-AA3E-1518AC116763}.AppStore|Any CPU.ActiveCfg = Release|Any CPU
		{6377E00E-BC63-476A-AA3E-1518AC116763}.AppStore|Any CPU.Build.0 = Release|Any CPU
		{6377E00E-BC63-476A-AA3E-1518AC116763}.AppStore|ARM.ActiveCfg = Release|Any CPU
		{6377E00E-BC63-476A-AA3E-1518AC116763}.AppStore|ARM.Build.0 = Release|Any CPU
		{6377E00E-BC63-476A-AA3E-1518AC116763}.AppStore|iPhone.ActiveCfg = Release|Any CPU
		{6377E00E-BC63-476A-AA3E-1518AC116763}.AppStore|iPhone.Build.0 = Release|Any CPU
		{6377E00E-BC63-476A-AA3E-1518AC116763}.AppStore|iPhoneSimulator.ActiveCfg = Release|Any CPU
		{6377E00E-BC63-476A-AA3E-1518AC116763}.AppStore|iPhoneSimulator.Build.0 = Release|Any CPU
		{6377E00E-BC63-476A-AA3E-1518AC116763}.AppStore|x64.ActiveCfg = Release|Any CPU
		{6377E00E-BC63-476A-AA3E-1518AC116763}.AppStore|x64.Build.0 = Release|Any CPU
		{6377E00E-BC63-476A-AA3E-1518AC116763}.AppStore|x86.ActiveCfg = Release|Any CPU
		{6377E00E-BC63-476A-AA3E-1518AC116763}.AppStore|x86.Build.0 = Release|Any CPU
		{6377E00E-BC63-476A-AA3E-1518AC116763}.Debug|Any CPU.ActiveCfg = Debug|Any CPU
		{6377E00E-BC63-476A-AA3E-1518AC116763}.Debug|Any CPU.Build.0 = Debug|Any CPU
		{6377E00E-BC63-476A-AA3E-1518AC116763}.Debug|ARM.ActiveCfg = Debug|Any CPU
		{6377E00E-BC63-476A-AA3E-1518AC116763}.Debug|ARM.Build.0 = Debug|Any CPU
		{6377E00E-BC63-476A-AA3E-1518AC116763}.Debug|iPhone.ActiveCfg = Debug|Any CPU
		{6377E00E-BC63-476A-AA3E-1518AC116763}.Debug|iPhone.Build.0 = Debug|Any CPU
		{6377E00E-BC63-476A-AA3E-1518AC116763}.Debug|iPhoneSimulator.ActiveCfg = Debug|Any CPU
		{6377E00E-BC63-476A-AA3E-1518AC116763}.Debug|iPhoneSimulator.Build.0 = Debug|Any CPU
		{6377E00E-BC63-476A-AA3E-1518AC116763}.Debug|x64.ActiveCfg = Debug|Any CPU
		{6377E00E-BC63-476A-AA3E-1518AC116763}.Debug|x64.Build.0 = Debug|Any CPU
		{6377E00E-BC63-476A-AA3E-1518AC116763}.Debug|x86.ActiveCfg = Debug|Any CPU
		{6377E00E-BC63-476A-AA3E-1518AC116763}.Debug|x86.Build.0 = Debug|Any CPU
		{6377E00E-BC63-476A-AA3E-1518AC116763}.Release|Any CPU.ActiveCfg = Release|Any CPU
		{6377E00E-BC63-476A-AA3E-1518AC116763}.Release|Any CPU.Build.0 = Release|Any CPU
		{6377E00E-BC63-476A-AA3E-1518AC116763}.Release|ARM.ActiveCfg = Release|Any CPU
		{6377E00E-BC63-476A-AA3E-1518AC116763}.Release|ARM.Build.0 = Release|Any CPU
		{6377E00E-BC63-476A-AA3E-1518AC116763}.Release|iPhone.ActiveCfg = Release|Any CPU
		{6377E00E-BC63-476A-AA3E-1518AC116763}.Release|iPhone.Build.0 = Release|Any CPU
		{6377E00E-BC63-476A-AA3E-1518AC116763}.Release|iPhoneSimulator.ActiveCfg = Release|Any CPU
		{6377E00E-BC63-476A-AA3E-1518AC116763}.Release|iPhoneSimulator.Build.0 = Release|Any CPU
		{6377E00E-BC63-476A-AA3E-1518AC116763}.Release|x64.ActiveCfg = Release|Any CPU
		{6377E00E-BC63-476A-AA3E-1518AC116763}.Release|x64.Build.0 = Release|Any CPU
		{6377E00E-BC63-476A-AA3E-1518AC116763}.Release|x86.ActiveCfg = Release|Any CPU
		{6377E00E-BC63-476A-AA3E-1518AC116763}.Release|x86.Build.0 = Release|Any CPU
		{711F2772-C503-4151-96F3-BF4E5EAE5EE3}.Ad-Hoc|Any CPU.ActiveCfg = Release|Any CPU
		{711F2772-C503-4151-96F3-BF4E5EAE5EE3}.Ad-Hoc|Any CPU.Build.0 = Release|Any CPU
		{711F2772-C503-4151-96F3-BF4E5EAE5EE3}.Ad-Hoc|Any CPU.Deploy.0 = Release|Any CPU
		{711F2772-C503-4151-96F3-BF4E5EAE5EE3}.Ad-Hoc|ARM.ActiveCfg = Release|Any CPU
		{711F2772-C503-4151-96F3-BF4E5EAE5EE3}.Ad-Hoc|ARM.Build.0 = Release|Any CPU
		{711F2772-C503-4151-96F3-BF4E5EAE5EE3}.Ad-Hoc|ARM.Deploy.0 = Release|Any CPU
		{711F2772-C503-4151-96F3-BF4E5EAE5EE3}.Ad-Hoc|iPhone.ActiveCfg = Release|Any CPU
		{711F2772-C503-4151-96F3-BF4E5EAE5EE3}.Ad-Hoc|iPhone.Build.0 = Release|Any CPU
		{711F2772-C503-4151-96F3-BF4E5EAE5EE3}.Ad-Hoc|iPhone.Deploy.0 = Release|Any CPU
		{711F2772-C503-4151-96F3-BF4E5EAE5EE3}.Ad-Hoc|iPhoneSimulator.ActiveCfg = Release|Any CPU
		{711F2772-C503-4151-96F3-BF4E5EAE5EE3}.Ad-Hoc|iPhoneSimulator.Build.0 = Release|Any CPU
		{711F2772-C503-4151-96F3-BF4E5EAE5EE3}.Ad-Hoc|iPhoneSimulator.Deploy.0 = Release|Any CPU
		{711F2772-C503-4151-96F3-BF4E5EAE5EE3}.Ad-Hoc|x64.ActiveCfg = Release|Any CPU
		{711F2772-C503-4151-96F3-BF4E5EAE5EE3}.Ad-Hoc|x64.Build.0 = Release|Any CPU
		{711F2772-C503-4151-96F3-BF4E5EAE5EE3}.Ad-Hoc|x64.Deploy.0 = Release|Any CPU
		{711F2772-C503-4151-96F3-BF4E5EAE5EE3}.Ad-Hoc|x86.ActiveCfg = Release|Any CPU
		{711F2772-C503-4151-96F3-BF4E5EAE5EE3}.Ad-Hoc|x86.Build.0 = Release|Any CPU
		{711F2772-C503-4151-96F3-BF4E5EAE5EE3}.Ad-Hoc|x86.Deploy.0 = Release|Any CPU
		{711F2772-C503-4151-96F3-BF4E5EAE5EE3}.AppStore|Any CPU.ActiveCfg = Release|Any CPU
		{711F2772-C503-4151-96F3-BF4E5EAE5EE3}.AppStore|Any CPU.Build.0 = Release|Any CPU
		{711F2772-C503-4151-96F3-BF4E5EAE5EE3}.AppStore|Any CPU.Deploy.0 = Release|Any CPU
		{711F2772-C503-4151-96F3-BF4E5EAE5EE3}.AppStore|ARM.ActiveCfg = Release|Any CPU
		{711F2772-C503-4151-96F3-BF4E5EAE5EE3}.AppStore|ARM.Build.0 = Release|Any CPU
		{711F2772-C503-4151-96F3-BF4E5EAE5EE3}.AppStore|ARM.Deploy.0 = Release|Any CPU
		{711F2772-C503-4151-96F3-BF4E5EAE5EE3}.AppStore|iPhone.ActiveCfg = Release|Any CPU
		{711F2772-C503-4151-96F3-BF4E5EAE5EE3}.AppStore|iPhone.Build.0 = Release|Any CPU
		{711F2772-C503-4151-96F3-BF4E5EAE5EE3}.AppStore|iPhone.Deploy.0 = Release|Any CPU
		{711F2772-C503-4151-96F3-BF4E5EAE5EE3}.AppStore|iPhoneSimulator.ActiveCfg = Release|Any CPU
		{711F2772-C503-4151-96F3-BF4E5EAE5EE3}.AppStore|iPhoneSimulator.Build.0 = Release|Any CPU
		{711F2772-C503-4151-96F3-BF4E5EAE5EE3}.AppStore|iPhoneSimulator.Deploy.0 = Release|Any CPU
		{711F2772-C503-4151-96F3-BF4E5EAE5EE3}.AppStore|x64.ActiveCfg = Release|Any CPU
		{711F2772-C503-4151-96F3-BF4E5EAE5EE3}.AppStore|x64.Build.0 = Release|Any CPU
		{711F2772-C503-4151-96F3-BF4E5EAE5EE3}.AppStore|x64.Deploy.0 = Release|Any CPU
		{711F2772-C503-4151-96F3-BF4E5EAE5EE3}.AppStore|x86.ActiveCfg = Release|Any CPU
		{711F2772-C503-4151-96F3-BF4E5EAE5EE3}.AppStore|x86.Build.0 = Release|Any CPU
		{711F2772-C503-4151-96F3-BF4E5EAE5EE3}.AppStore|x86.Deploy.0 = Release|Any CPU
		{711F2772-C503-4151-96F3-BF4E5EAE5EE3}.Debug|Any CPU.ActiveCfg = Debug|Any CPU
		{711F2772-C503-4151-96F3-BF4E5EAE5EE3}.Debug|Any CPU.Build.0 = Debug|Any CPU
		{711F2772-C503-4151-96F3-BF4E5EAE5EE3}.Debug|Any CPU.Deploy.0 = Debug|Any CPU
		{711F2772-C503-4151-96F3-BF4E5EAE5EE3}.Debug|ARM.ActiveCfg = Debug|Any CPU
		{711F2772-C503-4151-96F3-BF4E5EAE5EE3}.Debug|ARM.Build.0 = Debug|Any CPU
		{711F2772-C503-4151-96F3-BF4E5EAE5EE3}.Debug|ARM.Deploy.0 = Debug|Any CPU
		{711F2772-C503-4151-96F3-BF4E5EAE5EE3}.Debug|iPhone.ActiveCfg = Debug|Any CPU
		{711F2772-C503-4151-96F3-BF4E5EAE5EE3}.Debug|iPhone.Build.0 = Debug|Any CPU
		{711F2772-C503-4151-96F3-BF4E5EAE5EE3}.Debug|iPhone.Deploy.0 = Debug|Any CPU
		{711F2772-C503-4151-96F3-BF4E5EAE5EE3}.Debug|iPhoneSimulator.ActiveCfg = Debug|Any CPU
		{711F2772-C503-4151-96F3-BF4E5EAE5EE3}.Debug|iPhoneSimulator.Build.0 = Debug|Any CPU
		{711F2772-C503-4151-96F3-BF4E5EAE5EE3}.Debug|iPhoneSimulator.Deploy.0 = Debug|Any CPU
		{711F2772-C503-4151-96F3-BF4E5EAE5EE3}.Debug|x64.ActiveCfg = Debug|Any CPU
		{711F2772-C503-4151-96F3-BF4E5EAE5EE3}.Debug|x64.Build.0 = Debug|Any CPU
		{711F2772-C503-4151-96F3-BF4E5EAE5EE3}.Debug|x64.Deploy.0 = Debug|Any CPU
		{711F2772-C503-4151-96F3-BF4E5EAE5EE3}.Debug|x86.ActiveCfg = Debug|Any CPU
		{711F2772-C503-4151-96F3-BF4E5EAE5EE3}.Debug|x86.Build.0 = Debug|Any CPU
		{711F2772-C503-4151-96F3-BF4E5EAE5EE3}.Debug|x86.Deploy.0 = Debug|Any CPU
		{711F2772-C503-4151-96F3-BF4E5EAE5EE3}.Release|Any CPU.ActiveCfg = Release|Any CPU
		{711F2772-C503-4151-96F3-BF4E5EAE5EE3}.Release|Any CPU.Build.0 = Release|Any CPU
		{711F2772-C503-4151-96F3-BF4E5EAE5EE3}.Release|Any CPU.Deploy.0 = Release|Any CPU
		{711F2772-C503-4151-96F3-BF4E5EAE5EE3}.Release|ARM.ActiveCfg = Release|Any CPU
		{711F2772-C503-4151-96F3-BF4E5EAE5EE3}.Release|ARM.Build.0 = Release|Any CPU
		{711F2772-C503-4151-96F3-BF4E5EAE5EE3}.Release|ARM.Deploy.0 = Release|Any CPU
		{711F2772-C503-4151-96F3-BF4E5EAE5EE3}.Release|iPhone.ActiveCfg = Release|Any CPU
		{711F2772-C503-4151-96F3-BF4E5EAE5EE3}.Release|iPhone.Build.0 = Release|Any CPU
		{711F2772-C503-4151-96F3-BF4E5EAE5EE3}.Release|iPhone.Deploy.0 = Release|Any CPU
		{711F2772-C503-4151-96F3-BF4E5EAE5EE3}.Release|iPhoneSimulator.ActiveCfg = Release|Any CPU
		{711F2772-C503-4151-96F3-BF4E5EAE5EE3}.Release|iPhoneSimulator.Build.0 = Release|Any CPU
		{711F2772-C503-4151-96F3-BF4E5EAE5EE3}.Release|iPhoneSimulator.Deploy.0 = Release|Any CPU
		{711F2772-C503-4151-96F3-BF4E5EAE5EE3}.Release|x64.ActiveCfg = Release|Any CPU
		{711F2772-C503-4151-96F3-BF4E5EAE5EE3}.Release|x64.Build.0 = Release|Any CPU
		{711F2772-C503-4151-96F3-BF4E5EAE5EE3}.Release|x64.Deploy.0 = Release|Any CPU
		{711F2772-C503-4151-96F3-BF4E5EAE5EE3}.Release|x86.ActiveCfg = Release|Any CPU
		{711F2772-C503-4151-96F3-BF4E5EAE5EE3}.Release|x86.Build.0 = Release|Any CPU
		{711F2772-C503-4151-96F3-BF4E5EAE5EE3}.Release|x86.Deploy.0 = Release|Any CPU
		{3F1374B4-14B7-4AE7-AF0C-76593ECE9613}.Ad-Hoc|Any CPU.ActiveCfg = Ad-Hoc|iPhone
		{3F1374B4-14B7-4AE7-AF0C-76593ECE9613}.Ad-Hoc|ARM.ActiveCfg = Ad-Hoc|iPhone
		{3F1374B4-14B7-4AE7-AF0C-76593ECE9613}.Ad-Hoc|iPhone.ActiveCfg = Ad-Hoc|iPhone
		{3F1374B4-14B7-4AE7-AF0C-76593ECE9613}.Ad-Hoc|iPhone.Build.0 = Ad-Hoc|iPhone
		{3F1374B4-14B7-4AE7-AF0C-76593ECE9613}.Ad-Hoc|iPhoneSimulator.ActiveCfg = Ad-Hoc|iPhoneSimulator
		{3F1374B4-14B7-4AE7-AF0C-76593ECE9613}.Ad-Hoc|iPhoneSimulator.Build.0 = Ad-Hoc|iPhoneSimulator
		{3F1374B4-14B7-4AE7-AF0C-76593ECE9613}.Ad-Hoc|x64.ActiveCfg = Ad-Hoc|iPhone
		{3F1374B4-14B7-4AE7-AF0C-76593ECE9613}.Ad-Hoc|x86.ActiveCfg = Ad-Hoc|iPhone
		{3F1374B4-14B7-4AE7-AF0C-76593ECE9613}.AppStore|Any CPU.ActiveCfg = AppStore|iPhone
		{3F1374B4-14B7-4AE7-AF0C-76593ECE9613}.AppStore|ARM.ActiveCfg = AppStore|iPhone
		{3F1374B4-14B7-4AE7-AF0C-76593ECE9613}.AppStore|iPhone.ActiveCfg = AppStore|iPhone
		{3F1374B4-14B7-4AE7-AF0C-76593ECE9613}.AppStore|iPhone.Build.0 = AppStore|iPhone
		{3F1374B4-14B7-4AE7-AF0C-76593ECE9613}.AppStore|iPhoneSimulator.ActiveCfg = AppStore|iPhoneSimulator
		{3F1374B4-14B7-4AE7-AF0C-76593ECE9613}.AppStore|iPhoneSimulator.Build.0 = AppStore|iPhoneSimulator
		{3F1374B4-14B7-4AE7-AF0C-76593ECE9613}.AppStore|x64.ActiveCfg = AppStore|iPhone
		{3F1374B4-14B7-4AE7-AF0C-76593ECE9613}.AppStore|x86.ActiveCfg = AppStore|iPhone
		{3F1374B4-14B7-4AE7-AF0C-76593ECE9613}.Debug|Any CPU.ActiveCfg = Debug|iPhone
		{3F1374B4-14B7-4AE7-AF0C-76593ECE9613}.Debug|ARM.ActiveCfg = Debug|iPhone
		{3F1374B4-14B7-4AE7-AF0C-76593ECE9613}.Debug|iPhone.ActiveCfg = Debug|iPhone
		{3F1374B4-14B7-4AE7-AF0C-76593ECE9613}.Debug|iPhone.Build.0 = Debug|iPhone
		{3F1374B4-14B7-4AE7-AF0C-76593ECE9613}.Debug|iPhoneSimulator.ActiveCfg = Debug|iPhoneSimulator
		{3F1374B4-14B7-4AE7-AF0C-76593ECE9613}.Debug|iPhoneSimulator.Build.0 = Debug|iPhoneSimulator
		{3F1374B4-14B7-4AE7-AF0C-76593ECE9613}.Debug|x64.ActiveCfg = Debug|iPhone
		{3F1374B4-14B7-4AE7-AF0C-76593ECE9613}.Debug|x86.ActiveCfg = Debug|iPhone
		{3F1374B4-14B7-4AE7-AF0C-76593ECE9613}.Release|Any CPU.ActiveCfg = Release|iPhone
		{3F1374B4-14B7-4AE7-AF0C-76593ECE9613}.Release|ARM.ActiveCfg = Release|iPhone
		{3F1374B4-14B7-4AE7-AF0C-76593ECE9613}.Release|iPhone.ActiveCfg = Release|iPhone
		{3F1374B4-14B7-4AE7-AF0C-76593ECE9613}.Release|iPhone.Build.0 = Release|iPhone
		{3F1374B4-14B7-4AE7-AF0C-76593ECE9613}.Release|iPhoneSimulator.ActiveCfg = Release|iPhoneSimulator
		{3F1374B4-14B7-4AE7-AF0C-76593ECE9613}.Release|iPhoneSimulator.Build.0 = Release|iPhoneSimulator
		{3F1374B4-14B7-4AE7-AF0C-76593ECE9613}.Release|x64.ActiveCfg = Release|iPhone
		{3F1374B4-14B7-4AE7-AF0C-76593ECE9613}.Release|x86.ActiveCfg = Release|iPhone
		{67FA6440-C61E-41C3-8704-6141080710CB}.Ad-Hoc|Any CPU.ActiveCfg = Release|Any CPU
		{67FA6440-C61E-41C3-8704-6141080710CB}.Ad-Hoc|Any CPU.Build.0 = Release|Any CPU
		{67FA6440-C61E-41C3-8704-6141080710CB}.Ad-Hoc|Any CPU.Deploy.0 = Release|Any CPU
		{67FA6440-C61E-41C3-8704-6141080710CB}.Ad-Hoc|ARM.ActiveCfg = Release|ARM
		{67FA6440-C61E-41C3-8704-6141080710CB}.Ad-Hoc|ARM.Build.0 = Release|ARM
		{67FA6440-C61E-41C3-8704-6141080710CB}.Ad-Hoc|ARM.Deploy.0 = Release|ARM
		{67FA6440-C61E-41C3-8704-6141080710CB}.Ad-Hoc|iPhone.ActiveCfg = Release|Any CPU
		{67FA6440-C61E-41C3-8704-6141080710CB}.Ad-Hoc|iPhone.Build.0 = Release|Any CPU
		{67FA6440-C61E-41C3-8704-6141080710CB}.Ad-Hoc|iPhone.Deploy.0 = Release|Any CPU
		{67FA6440-C61E-41C3-8704-6141080710CB}.Ad-Hoc|iPhoneSimulator.ActiveCfg = Release|Any CPU
		{67FA6440-C61E-41C3-8704-6141080710CB}.Ad-Hoc|iPhoneSimulator.Build.0 = Release|Any CPU
		{67FA6440-C61E-41C3-8704-6141080710CB}.Ad-Hoc|iPhoneSimulator.Deploy.0 = Release|Any CPU
		{67FA6440-C61E-41C3-8704-6141080710CB}.Ad-Hoc|x64.ActiveCfg = Release|Any CPU
		{67FA6440-C61E-41C3-8704-6141080710CB}.Ad-Hoc|x64.Build.0 = Release|Any CPU
		{67FA6440-C61E-41C3-8704-6141080710CB}.Ad-Hoc|x64.Deploy.0 = Release|Any CPU
		{67FA6440-C61E-41C3-8704-6141080710CB}.Ad-Hoc|x86.ActiveCfg = Release|x86
		{67FA6440-C61E-41C3-8704-6141080710CB}.Ad-Hoc|x86.Build.0 = Release|x86
		{67FA6440-C61E-41C3-8704-6141080710CB}.Ad-Hoc|x86.Deploy.0 = Release|x86
		{67FA6440-C61E-41C3-8704-6141080710CB}.AppStore|Any CPU.ActiveCfg = Release|Any CPU
		{67FA6440-C61E-41C3-8704-6141080710CB}.AppStore|Any CPU.Build.0 = Release|Any CPU
		{67FA6440-C61E-41C3-8704-6141080710CB}.AppStore|Any CPU.Deploy.0 = Release|Any CPU
		{67FA6440-C61E-41C3-8704-6141080710CB}.AppStore|ARM.ActiveCfg = Release|ARM
		{67FA6440-C61E-41C3-8704-6141080710CB}.AppStore|ARM.Build.0 = Release|ARM
		{67FA6440-C61E-41C3-8704-6141080710CB}.AppStore|ARM.Deploy.0 = Release|ARM
		{67FA6440-C61E-41C3-8704-6141080710CB}.AppStore|iPhone.ActiveCfg = Release|Any CPU
		{67FA6440-C61E-41C3-8704-6141080710CB}.AppStore|iPhone.Build.0 = Release|Any CPU
		{67FA6440-C61E-41C3-8704-6141080710CB}.AppStore|iPhone.Deploy.0 = Release|Any CPU
		{67FA6440-C61E-41C3-8704-6141080710CB}.AppStore|iPhoneSimulator.ActiveCfg = Release|Any CPU
		{67FA6440-C61E-41C3-8704-6141080710CB}.AppStore|iPhoneSimulator.Build.0 = Release|Any CPU
		{67FA6440-C61E-41C3-8704-6141080710CB}.AppStore|iPhoneSimulator.Deploy.0 = Release|Any CPU
		{67FA6440-C61E-41C3-8704-6141080710CB}.AppStore|x64.ActiveCfg = Release|Any CPU
		{67FA6440-C61E-41C3-8704-6141080710CB}.AppStore|x64.Build.0 = Release|Any CPU
		{67FA6440-C61E-41C3-8704-6141080710CB}.AppStore|x64.Deploy.0 = Release|Any CPU
		{67FA6440-C61E-41C3-8704-6141080710CB}.AppStore|x86.ActiveCfg = Release|x86
		{67FA6440-C61E-41C3-8704-6141080710CB}.AppStore|x86.Build.0 = Release|x86
		{67FA6440-C61E-41C3-8704-6141080710CB}.AppStore|x86.Deploy.0 = Release|x86
		{67FA6440-C61E-41C3-8704-6141080710CB}.Debug|Any CPU.ActiveCfg = Debug|Any CPU
		{67FA6440-C61E-41C3-8704-6141080710CB}.Debug|Any CPU.Build.0 = Debug|Any CPU
		{67FA6440-C61E-41C3-8704-6141080710CB}.Debug|Any CPU.Deploy.0 = Debug|Any CPU
		{67FA6440-C61E-41C3-8704-6141080710CB}.Debug|ARM.ActiveCfg = Debug|ARM
		{67FA6440-C61E-41C3-8704-6141080710CB}.Debug|ARM.Build.0 = Debug|ARM
		{67FA6440-C61E-41C3-8704-6141080710CB}.Debug|ARM.Deploy.0 = Debug|ARM
		{67FA6440-C61E-41C3-8704-6141080710CB}.Debug|iPhone.ActiveCfg = Debug|Any CPU
		{67FA6440-C61E-41C3-8704-6141080710CB}.Debug|iPhone.Build.0 = Debug|Any CPU
		{67FA6440-C61E-41C3-8704-6141080710CB}.Debug|iPhone.Deploy.0 = Debug|Any CPU
		{67FA6440-C61E-41C3-8704-6141080710CB}.Debug|iPhoneSimulator.ActiveCfg = Debug|Any CPU
		{67FA6440-C61E-41C3-8704-6141080710CB}.Debug|iPhoneSimulator.Build.0 = Debug|Any CPU
		{67FA6440-C61E-41C3-8704-6141080710CB}.Debug|iPhoneSimulator.Deploy.0 = Debug|Any CPU
		{67FA6440-C61E-41C3-8704-6141080710CB}.Debug|x64.ActiveCfg = Debug|Any CPU
		{67FA6440-C61E-41C3-8704-6141080710CB}.Debug|x64.Build.0 = Debug|Any CPU
		{67FA6440-C61E-41C3-8704-6141080710CB}.Debug|x64.Deploy.0 = Debug|Any CPU
		{67FA6440-C61E-41C3-8704-6141080710CB}.Debug|x86.ActiveCfg = Debug|x86
		{67FA6440-C61E-41C3-8704-6141080710CB}.Debug|x86.Build.0 = Debug|x86
		{67FA6440-C61E-41C3-8704-6141080710CB}.Debug|x86.Deploy.0 = Debug|x86
		{67FA6440-C61E-41C3-8704-6141080710CB}.Release|Any CPU.ActiveCfg = Release|Any CPU
		{67FA6440-C61E-41C3-8704-6141080710CB}.Release|Any CPU.Build.0 = Release|Any CPU
		{67FA6440-C61E-41C3-8704-6141080710CB}.Release|Any CPU.Deploy.0 = Release|Any CPU
		{67FA6440-C61E-41C3-8704-6141080710CB}.Release|ARM.ActiveCfg = Release|ARM
		{67FA6440-C61E-41C3-8704-6141080710CB}.Release|ARM.Build.0 = Release|ARM
		{67FA6440-C61E-41C3-8704-6141080710CB}.Release|ARM.Deploy.0 = Release|ARM
		{67FA6440-C61E-41C3-8704-6141080710CB}.Release|iPhone.ActiveCfg = Release|Any CPU
		{67FA6440-C61E-41C3-8704-6141080710CB}.Release|iPhone.Build.0 = Release|Any CPU
		{67FA6440-C61E-41C3-8704-6141080710CB}.Release|iPhone.Deploy.0 = Release|Any CPU
		{67FA6440-C61E-41C3-8704-6141080710CB}.Release|iPhoneSimulator.ActiveCfg = Release|Any CPU
		{67FA6440-C61E-41C3-8704-6141080710CB}.Release|iPhoneSimulator.Build.0 = Release|Any CPU
		{67FA6440-C61E-41C3-8704-6141080710CB}.Release|iPhoneSimulator.Deploy.0 = Release|Any CPU
		{67FA6440-C61E-41C3-8704-6141080710CB}.Release|x64.ActiveCfg = Release|Any CPU
		{67FA6440-C61E-41C3-8704-6141080710CB}.Release|x64.Build.0 = Release|Any CPU
		{67FA6440-C61E-41C3-8704-6141080710CB}.Release|x64.Deploy.0 = Release|Any CPU
		{67FA6440-C61E-41C3-8704-6141080710CB}.Release|x86.ActiveCfg = Release|x86
		{67FA6440-C61E-41C3-8704-6141080710CB}.Release|x86.Build.0 = Release|x86
		{67FA6440-C61E-41C3-8704-6141080710CB}.Release|x86.Deploy.0 = Release|x86
		{C21730A6-DE8A-4D1E-A4FC-9DD744173483}.Ad-Hoc|Any CPU.ActiveCfg = Release|Any CPU
		{C21730A6-DE8A-4D1E-A4FC-9DD744173483}.Ad-Hoc|Any CPU.Build.0 = Release|Any CPU
		{C21730A6-DE8A-4D1E-A4FC-9DD744173483}.Ad-Hoc|Any CPU.Deploy.0 = Release|Any CPU
		{C21730A6-DE8A-4D1E-A4FC-9DD744173483}.Ad-Hoc|ARM.ActiveCfg = Release|ARM
		{C21730A6-DE8A-4D1E-A4FC-9DD744173483}.Ad-Hoc|ARM.Build.0 = Release|ARM
		{C21730A6-DE8A-4D1E-A4FC-9DD744173483}.Ad-Hoc|ARM.Deploy.0 = Release|ARM
		{C21730A6-DE8A-4D1E-A4FC-9DD744173483}.Ad-Hoc|iPhone.ActiveCfg = Release|Any CPU
		{C21730A6-DE8A-4D1E-A4FC-9DD744173483}.Ad-Hoc|iPhone.Build.0 = Release|Any CPU
		{C21730A6-DE8A-4D1E-A4FC-9DD744173483}.Ad-Hoc|iPhone.Deploy.0 = Release|Any CPU
		{C21730A6-DE8A-4D1E-A4FC-9DD744173483}.Ad-Hoc|iPhoneSimulator.ActiveCfg = Release|Any CPU
		{C21730A6-DE8A-4D1E-A4FC-9DD744173483}.Ad-Hoc|iPhoneSimulator.Build.0 = Release|Any CPU
		{C21730A6-DE8A-4D1E-A4FC-9DD744173483}.Ad-Hoc|iPhoneSimulator.Deploy.0 = Release|Any CPU
		{C21730A6-DE8A-4D1E-A4FC-9DD744173483}.Ad-Hoc|x64.ActiveCfg = Release|x64
		{C21730A6-DE8A-4D1E-A4FC-9DD744173483}.Ad-Hoc|x64.Build.0 = Release|x64
		{C21730A6-DE8A-4D1E-A4FC-9DD744173483}.Ad-Hoc|x64.Deploy.0 = Release|x64
		{C21730A6-DE8A-4D1E-A4FC-9DD744173483}.Ad-Hoc|x86.ActiveCfg = Release|x86
		{C21730A6-DE8A-4D1E-A4FC-9DD744173483}.Ad-Hoc|x86.Build.0 = Release|x86
		{C21730A6-DE8A-4D1E-A4FC-9DD744173483}.Ad-Hoc|x86.Deploy.0 = Release|x86
		{C21730A6-DE8A-4D1E-A4FC-9DD744173483}.AppStore|Any CPU.ActiveCfg = Release|Any CPU
		{C21730A6-DE8A-4D1E-A4FC-9DD744173483}.AppStore|Any CPU.Build.0 = Release|Any CPU
		{C21730A6-DE8A-4D1E-A4FC-9DD744173483}.AppStore|Any CPU.Deploy.0 = Release|Any CPU
		{C21730A6-DE8A-4D1E-A4FC-9DD744173483}.AppStore|ARM.ActiveCfg = Release|ARM
		{C21730A6-DE8A-4D1E-A4FC-9DD744173483}.AppStore|ARM.Build.0 = Release|ARM
		{C21730A6-DE8A-4D1E-A4FC-9DD744173483}.AppStore|ARM.Deploy.0 = Release|ARM
		{C21730A6-DE8A-4D1E-A4FC-9DD744173483}.AppStore|iPhone.ActiveCfg = Release|Any CPU
		{C21730A6-DE8A-4D1E-A4FC-9DD744173483}.AppStore|iPhone.Build.0 = Release|Any CPU
		{C21730A6-DE8A-4D1E-A4FC-9DD744173483}.AppStore|iPhone.Deploy.0 = Release|Any CPU
		{C21730A6-DE8A-4D1E-A4FC-9DD744173483}.AppStore|iPhoneSimulator.ActiveCfg = Release|Any CPU
		{C21730A6-DE8A-4D1E-A4FC-9DD744173483}.AppStore|iPhoneSimulator.Build.0 = Release|Any CPU
		{C21730A6-DE8A-4D1E-A4FC-9DD744173483}.AppStore|iPhoneSimulator.Deploy.0 = Release|Any CPU
		{C21730A6-DE8A-4D1E-A4FC-9DD744173483}.AppStore|x64.ActiveCfg = Release|x64
		{C21730A6-DE8A-4D1E-A4FC-9DD744173483}.AppStore|x64.Build.0 = Release|x64
		{C21730A6-DE8A-4D1E-A4FC-9DD744173483}.AppStore|x64.Deploy.0 = Release|x64
		{C21730A6-DE8A-4D1E-A4FC-9DD744173483}.AppStore|x86.ActiveCfg = Release|x86
		{C21730A6-DE8A-4D1E-A4FC-9DD744173483}.AppStore|x86.Build.0 = Release|x86
		{C21730A6-DE8A-4D1E-A4FC-9DD744173483}.AppStore|x86.Deploy.0 = Release|x86
		{C21730A6-DE8A-4D1E-A4FC-9DD744173483}.Debug|Any CPU.ActiveCfg = Debug|Any CPU
		{C21730A6-DE8A-4D1E-A4FC-9DD744173483}.Debug|Any CPU.Build.0 = Debug|Any CPU
		{C21730A6-DE8A-4D1E-A4FC-9DD744173483}.Debug|Any CPU.Deploy.0 = Debug|Any CPU
		{C21730A6-DE8A-4D1E-A4FC-9DD744173483}.Debug|ARM.ActiveCfg = Debug|ARM
		{C21730A6-DE8A-4D1E-A4FC-9DD744173483}.Debug|ARM.Build.0 = Debug|ARM
		{C21730A6-DE8A-4D1E-A4FC-9DD744173483}.Debug|ARM.Deploy.0 = Debug|ARM
		{C21730A6-DE8A-4D1E-A4FC-9DD744173483}.Debug|iPhone.ActiveCfg = Debug|Any CPU
		{C21730A6-DE8A-4D1E-A4FC-9DD744173483}.Debug|iPhone.Build.0 = Debug|Any CPU
		{C21730A6-DE8A-4D1E-A4FC-9DD744173483}.Debug|iPhone.Deploy.0 = Debug|Any CPU
		{C21730A6-DE8A-4D1E-A4FC-9DD744173483}.Debug|iPhoneSimulator.ActiveCfg = Debug|Any CPU
		{C21730A6-DE8A-4D1E-A4FC-9DD744173483}.Debug|iPhoneSimulator.Build.0 = Debug|Any CPU
		{C21730A6-DE8A-4D1E-A4FC-9DD744173483}.Debug|iPhoneSimulator.Deploy.0 = Debug|Any CPU
		{C21730A6-DE8A-4D1E-A4FC-9DD744173483}.Debug|x64.ActiveCfg = Debug|x64
		{C21730A6-DE8A-4D1E-A4FC-9DD744173483}.Debug|x64.Build.0 = Debug|x64
		{C21730A6-DE8A-4D1E-A4FC-9DD744173483}.Debug|x64.Deploy.0 = Debug|x64
		{C21730A6-DE8A-4D1E-A4FC-9DD744173483}.Debug|x86.ActiveCfg = Debug|x86
		{C21730A6-DE8A-4D1E-A4FC-9DD744173483}.Debug|x86.Build.0 = Debug|x86
		{C21730A6-DE8A-4D1E-A4FC-9DD744173483}.Debug|x86.Deploy.0 = Debug|x86
		{C21730A6-DE8A-4D1E-A4FC-9DD744173483}.Release|Any CPU.ActiveCfg = Release|Any CPU
		{C21730A6-DE8A-4D1E-A4FC-9DD744173483}.Release|Any CPU.Build.0 = Release|Any CPU
		{C21730A6-DE8A-4D1E-A4FC-9DD744173483}.Release|Any CPU.Deploy.0 = Release|Any CPU
		{C21730A6-DE8A-4D1E-A4FC-9DD744173483}.Release|ARM.ActiveCfg = Release|ARM
		{C21730A6-DE8A-4D1E-A4FC-9DD744173483}.Release|ARM.Build.0 = Release|ARM
		{C21730A6-DE8A-4D1E-A4FC-9DD744173483}.Release|ARM.Deploy.0 = Release|ARM
		{C21730A6-DE8A-4D1E-A4FC-9DD744173483}.Release|iPhone.ActiveCfg = Release|Any CPU
		{C21730A6-DE8A-4D1E-A4FC-9DD744173483}.Release|iPhone.Build.0 = Release|Any CPU
		{C21730A6-DE8A-4D1E-A4FC-9DD744173483}.Release|iPhone.Deploy.0 = Release|Any CPU
		{C21730A6-DE8A-4D1E-A4FC-9DD744173483}.Release|iPhoneSimulator.ActiveCfg = Release|Any CPU
		{C21730A6-DE8A-4D1E-A4FC-9DD744173483}.Release|iPhoneSimulator.Build.0 = Release|Any CPU
		{C21730A6-DE8A-4D1E-A4FC-9DD744173483}.Release|iPhoneSimulator.Deploy.0 = Release|Any CPU
		{C21730A6-DE8A-4D1E-A4FC-9DD744173483}.Release|x64.ActiveCfg = Release|x64
		{C21730A6-DE8A-4D1E-A4FC-9DD744173483}.Release|x64.Build.0 = Release|x64
		{C21730A6-DE8A-4D1E-A4FC-9DD744173483}.Release|x64.Deploy.0 = Release|x64
		{C21730A6-DE8A-4D1E-A4FC-9DD744173483}.Release|x86.ActiveCfg = Release|x86
		{C21730A6-DE8A-4D1E-A4FC-9DD744173483}.Release|x86.Build.0 = Release|x86
		{C21730A6-DE8A-4D1E-A4FC-9DD744173483}.Release|x86.Deploy.0 = Release|x86
	EndGlobalSection
	GlobalSection(SolutionProperties) = preSolution
		HideSolutionNode = FALSE
	EndGlobalSection
EndGlobal
